
Microsoft Visual Studio Solution File, Format Version 12.00
# Visual Studio Version 16
VisualStudioVersion = 16.0.34902.97
MinimumVisualStudioVersion = 10.0.40219.1
Project("{FAE04EC0-301F-11D3-BF4B-00C04F79EFBC}") = "Irit2Powerpoint", "Irit2Powerpoint\Irit2Powerpoint.csproj", "{211CCB2A-0E80-4CCE-9774-8B942173467E}"
EndProject
Project("{2150E333-8FDC-42A3-9474-1A3956D46DE8}") = "Solution Items", "Solution Items", "{6F52A2AF-2155-4307-BAF5-A66B02BC852F}"
EndProject
Global
	GlobalSection(SolutionConfigurationPlatforms) = preSolution
		Debug|Any CPU = Debug|Any CPU
		Release|Any CPU = Release|Any CPU
	EndGlobalSection
	GlobalSection(ProjectConfigurationPlatforms) = postSolution
		{211CCB2A-0E80-4CCE-9774-8B942173467E}.Debug|Any CPU.ActiveCfg = Debug|Any CPU
		{211CCB2A-0E80-4CCE-9774-8B942173467E}.Debug|Any CPU.Build.0 = Debug|Any CPU
		{211CCB2A-0E80-4CCE-9774-8B942173467E}.Release|Any CPU.ActiveCfg = Release|Any CPU
		{211CCB2A-0E80-4CCE-9774-8B942173467E}.Release|Any CPU.Build.0 = Release|Any CPU
	EndGlobalSection
	GlobalSection(SolutionProperties) = preSolution
		HideSolutionNode = FALSE
	EndGlobalSection
	GlobalSection(ExtensibilityGlobals) = postSolution
		SolutionGuid = {2556E84A-D8BE-4974-8C63-F3077A869F75}
	EndGlobalSection
EndGlobal
